
Microsoft Visual Studio Solution File, Format Version 12.00
# Visual Studio Version 17
VisualStudioVersion = 17.6.33829.357
MinimumVisualStudioVersion = 10.0.40219.1
Project("{FAE04EC0-301F-11D3-BF4B-00C04F79EFBC}") = "CRUDSample.UI", "CRUDSample.UI\CRUDSample.UI.csproj", "{9B16F2CD-B2FD-4B80-BB45-A6A2148B3A92}"
EndProject
Global
	GlobalSection(SolutionConfigurationPlatforms) = preSolution
		Debug|Any CPU = Debug|Any CPU
		Release|Any CPU = Release|Any CPU
	EndGlobalSection
	GlobalSection(ProjectConfigurationPlatforms) = postSolution
		{9B16F2CD-B2FD-4B80-BB45-A6A2148B3A92}.Debug|Any CPU.ActiveCfg = Debug|Any CPU
		{9B16F2CD-B2FD-4B80-BB45-A6A2148B3A92}.Debug|Any CPU.Build.0 = Debug|Any CPU
		{9B16F2CD-B2FD-4B80-BB45-A6A2148B3A92}.Release|Any CPU.ActiveCfg = Release|Any CPU
		{9B16F2CD-B2FD-4B80-BB45-A6A2148B3A92}.Release|Any CPU.Build.0 = Release|Any CPU
	EndGlobalSection
	GlobalSection(SolutionProperties) = preSolution
		HideSolutionNode = FALSE
	EndGlobalSection
	GlobalSection(ExtensibilityGlobals) = postSolution
		SolutionGuid = {D66CB53D-688E-4E1F-AD9E-02FF41D86B6B}
	EndGlobalSection
EndGlobal
